# a 10 cm cube is placed on an insulating plinth and cools via radiation and convection to air
# on all but bottom face. It sits in an ambient, black body enclosure. This is a test setup to
# evaluate energy loss residuals.

tf: 100
dt_storage: 1
dt_max: 0.5
theta: 0.5
max_courant: 0.5
force_finer: True


meshes:
  coarse_block:
    label: 'cube'
    dx: 0.001
    dy: 0.001

    u0: 1000.0
    material: 'testonium'
    curvature: 0
    depth: 0.1

    lines:
    - [[0.0, 0.0], [0.1, 0.0]]
    - [[0.1, 0.0], [0.1, 0.1]]
    - [[0.1, 0.1], [0.0, 0.1]]
    - [[0.0, 0.1], [0.0, 0.0]]

    boundary_conditions:
    - {edge: 0, mode: 'radiation', link: 'enclosure'}
    - {edge: 0, mode: 'convection', link: 'ambient_air'}
    - {edge: 1, mode: 'convection', link: 'ambient_air'}
    - {edge: 1, mode: 'radiation', link: 'enclosure'}
    - {edge: 2, mode: 'convection', link: 'ambient_air'}
    - {edge: 2, mode: 'radiation', link: 'enclosure'}
    - {edge: 3, mode: 'convection', link: 'ambient_air'}
    - {edge: 3, mode: 'radiation', link: 'enclosure'}

    # - {edge: 0, mode: 'dirichlet', value: 288.0}
    # - {edge: 1, mode: 'dirichlet', value: 288.0}
    # - {edge: 2, mode: 'dirichlet', value: 288.0}
    # - {edge: 3, mode: 'dirichlet', value: 288.0}


environment: 

  ambient_air:
    name: 'Air'
    temperature: 288.0
    pressure: 101325
    phase: 'gas'
    velocity: 0.0

  enclosure:
    temperature: 288.0
    emissivity: 1.0
